
Microsoft Visual Studio Solution File, Format Version 12.00
# Visual Studio 2013
VisualStudioVersion = 12.0.31101.0
MinimumVisualStudioVersion = 10.0.40219.1
Project("{FAE04EC0-301F-11D3-BF4B-00C04F79EFBC}") = "PowerPointVSTOSignalR", "PowerPointVSTOSignalR\PowerPointVSTOSignalR.csproj", "{D9C415E8-E60E-4962-B6E9-15268781F16D}"
EndProject
Project("{FAE04EC0-301F-11D3-BF4B-00C04F79EFBC}") = "PowerPointVSTOSignalR.Server", "PowerPointVSTOSignalR.Server\PowerPointVSTOSignalR.Server.csproj", "{887D4F41-6D05-41CF-8F16-F321E21C0251}"
EndProject
Global
	GlobalSection(SolutionConfigurationPlatforms) = preSolution
		Debug|Any CPU = Debug|Any CPU
		Release|Any CPU = Release|Any CPU
	EndGlobalSection
	GlobalSection(ProjectConfigurationPlatforms) = postSolution
		{D9C415E8-E60E-4962-B6E9-15268781F16D}.Debug|Any CPU.ActiveCfg = Debug|Any CPU
		{D9C415E8-E60E-4962-B6E9-15268781F16D}.Debug|Any CPU.Build.0 = Debug|Any CPU
		{D9C415E8-E60E-4962-B6E9-15268781F16D}.Release|Any CPU.ActiveCfg = Release|Any CPU
		{D9C415E8-E60E-4962-B6E9-15268781F16D}.Release|Any CPU.Build.0 = Release|Any CPU
		{887D4F41-6D05-41CF-8F16-F321E21C0251}.Debug|Any CPU.ActiveCfg = Debug|Any CPU
		{887D4F41-6D05-41CF-8F16-F321E21C0251}.Debug|Any CPU.Build.0 = Debug|Any CPU
		{887D4F41-6D05-41CF-8F16-F321E21C0251}.Release|Any CPU.ActiveCfg = Release|Any CPU
		{887D4F41-6D05-41CF-8F16-F321E21C0251}.Release|Any CPU.Build.0 = Release|Any CPU
	EndGlobalSection
	GlobalSection(SolutionProperties) = preSolution
		HideSolutionNode = FALSE
	EndGlobalSection
EndGlobal
